
Microsoft Visual Studio Solution File, Format Version 12.00
# Visual Studio Version 17
VisualStudioVersion = 17.5.33516.290
MinimumVisualStudioVersion = 10.0.40219.1
Project("{FAE04EC0-301F-11D3-BF4B-00C04F79EFBC}") = "BuyMeFood", "BuyMeFood.csproj", "{080E23FF-7189-41B1-942A-55042F5FD8D4}"
EndProject
Global
	GlobalSection(SolutionConfigurationPlatforms) = preSolution
		Debug|Any CPU = Debug|Any CPU
		Release|Any CPU = Release|Any CPU
	EndGlobalSection
	GlobalSection(ProjectConfigurationPlatforms) = postSolution
		{080E23FF-7189-41B1-942A-55042F5FD8D4}.Debug|Any CPU.ActiveCfg = Debug|Any CPU
		{080E23FF-7189-41B1-942A-55042F5FD8D4}.Debug|Any CPU.Build.0 = Debug|Any CPU
		{080E23FF-7189-41B1-942A-55042F5FD8D4}.Release|Any CPU.ActiveCfg = Release|Any CPU
		{080E23FF-7189-41B1-942A-55042F5FD8D4}.Release|Any CPU.Build.0 = Release|Any CPU
	EndGlobalSection
	GlobalSection(SolutionProperties) = preSolution
		HideSolutionNode = FALSE
	EndGlobalSection
	GlobalSection(ExtensibilityGlobals) = postSolution
		SolutionGuid = {4960F0D9-DE13-447D-B49D-92A6C405FACE}
	EndGlobalSection
EndGlobal
